
Microsoft Visual Studio Solution File, Format Version 12.00
# Visual Studio Version 17
VisualStudioVersion = 17.5.33516.290
MinimumVisualStudioVersion = 10.0.40219.1
Project("{FAE04EC0-301F-11D3-BF4B-00C04F79EFBC}") = "Homework2", "Homework2.csproj", "{97BA7E4C-4F64-4A59-AB2E-B42F5A79A7D8}"
EndProject
Global
	GlobalSection(SolutionConfigurationPlatforms) = preSolution
		Debug|Any CPU = Debug|Any CPU
		Release|Any CPU = Release|Any CPU
	EndGlobalSection
	GlobalSection(ProjectConfigurationPlatforms) = postSolution
		{97BA7E4C-4F64-4A59-AB2E-B42F5A79A7D8}.Debug|Any CPU.ActiveCfg = Debug|Any CPU
		{97BA7E4C-4F64-4A59-AB2E-B42F5A79A7D8}.Debug|Any CPU.Build.0 = Debug|Any CPU
		{97BA7E4C-4F64-4A59-AB2E-B42F5A79A7D8}.Release|Any CPU.ActiveCfg = Release|Any CPU
		{97BA7E4C-4F64-4A59-AB2E-B42F5A79A7D8}.Release|Any CPU.Build.0 = Release|Any CPU
	EndGlobalSection
	GlobalSection(SolutionProperties) = preSolution
		HideSolutionNode = FALSE
	EndGlobalSection
	GlobalSection(ExtensibilityGlobals) = postSolution
		SolutionGuid = {C3616028-15D9-44E2-B5A7-0157C96852C3}
	EndGlobalSection
EndGlobal
